<?xml version="1.0" encoding="utf-8"?>
<Project ToolsVersion="4.0" xmlns="http://schemas.microsoft.com/developer/msbuild/2003">
  <ItemGroup>
    <Filter Include="ImGui">
      <UniqueIdentifier>{ffaf7326-d28d-4524-a319-a55ba64e1977}</UniqueIdentifier>
    </Filter>
    <Filter Include="Core">
      <UniqueIdentifier>{dfb1ac27-71ea-433b-beff-ae965ad643ab}</UniqueIdentifier>
    </Filter>
    <Filter Include="Math">
      <UniqueIdentifier>{73c2eaa1-9877-4765-b5a4-40af09543dd6}</UniqueIdentifier>
    </Filter>
    <Filter Include="Rendering">
      <UniqueIdentifier>{ec17c55e-4cdf-4f84-a0a4-ff3308ff6906}</UniqueIdentifier>
    </Filter>
    <Filter Include="Editor">
      <UniqueIdentifier>{cf2e415c-0734-46e3-be93-ca12be4462dd}</UniqueIdentifier>
    </Filter>
    <Filter Include="Platform">
      <UniqueIdentifier>{d59d7788-18d2-4893-8dfd-1d9b6b8317cd}</UniqueIdentifier>
    </Filter>
    <Filter Include="Core\Memory">
      <UniqueIdentifier>{c74dfacd-6611-4605-9a25-160ef22a684f}</UniqueIdentifier>
    </Filter>
    <Filter Include="Scene">
      <UniqueIdentifier>{c0fa4530-377f-4fe3-9238-409854e61760}</UniqueIdentifier>
    </Filter>
    <Filter Include="Input">
      <UniqueIdentifier>{442c8d64-b1b6-4257-9503-b36b54070ce7}</UniqueIdentifier>
    </Filter>
    <Filter Include="Rendering\Shaders">
      <UniqueIdentifier>{a803b290-f403-4d88-8092-70083640cd18}</UniqueIdentifier>
    </Filter>
    <Filter Include="Engine">
      <UniqueIdentifier>{7f0aef0f-1564-439f-81b6-4e7d0a4d95bd}</UniqueIdentifier>
    </Filter>
  </ItemGroup>
  <ItemGroup>
    <ClCompile Include="ImGui\imgui.cpp">
      <Filter>ImGui</Filter>
    </ClCompile>
    <ClCompile Include="ImGui\imgui_demo.cpp">
      <Filter>ImGui</Filter>
    </ClCompile>
    <ClCompile Include="ImGui\imgui_draw.cpp">
      <Filter>ImGui</Filter>
    </ClCompile>
    <ClCompile Include="ImGui\imgui_tables.cpp">
      <Filter>ImGui</Filter>
    </ClCompile>
    <ClCompile Include="ImGui\imgui_widgets.cpp">
      <Filter>ImGui</Filter>
    </ClCompile>
    <ClCompile Include="ImGui\imgui_impl_dx11.cpp">
      <Filter>ImGui</Filter>
    </ClCompile>
    <ClCompile Include="ImGui\imgui_impl_win32.cpp">
      <Filter>ImGui</Filter>
    </ClCompile>
    <ClCompile Include="Window.cpp">
      <Filter>Platform</Filter>
    </ClCompile>
    <ClCompile Include="main.cpp" />
    <ClCompile Include="ImGuiManager.cpp">
      <Filter>Editor</Filter>
    </ClCompile>
    <ClCompile Include="FMemory.cpp">
      <Filter>Core\Memory</Filter>
    </ClCompile>
    <ClCompile Include="URenderer.cpp" />
    <ClCompile Include="FVector3.cpp">
      <Filter>Math</Filter>
    </ClCompile>
    <ClCompile Include="FMatrix.cpp">
      <Filter>Math</Filter>
    </ClCompile>
    <ClCompile Include="FVector4.cpp">
      <Filter>Math</Filter>
    </ClCompile>
    <ClCompile Include="UCamera.cpp">
      <Filter>Scene</Filter>
    </ClCompile>
    <ClCompile Include="FConsoleWindow.cpp">
      <Filter>Platform</Filter>
    </ClCompile>
    <ClCompile Include="InputManager.cpp">
      <Filter>Input</Filter>
    </ClCompile>
    <ClCompile Include="URenderer.cpp">
      <Filter>Rendering</Filter>
    </ClCompile>
    <ClCompile Include="FGizmo.cpp">
      <Filter>Editor</Filter>
    </ClCompile>
    <ClCompile Include="Core\UObject.cpp" />
    <ClCompile Include="FEditor.cpp" />
    <ClCompile Include="FMatrix.cpp" />
    <ClCompile Include="USceneComponent.cpp" />
    <ClCompile Include="USceneManager.cpp" />
    <ClCompile Include="FMousePicker.cpp">
      <Filter>Editor</Filter>
    </ClCompile>
  </ItemGroup>
  <ItemGroup>
    <FxCompile Include="DefaultShader.hlsl">
      <Filter>Rendering\Shaders</Filter>
    </FxCompile>
  </ItemGroup>
  <ItemGroup>
    <ClInclude Include="ImGui\imconfig.h">
      <Filter>ImGui</Filter>
    </ClInclude>
    <ClInclude Include="ImGui\imgui.h">
      <Filter>ImGui</Filter>
    </ClInclude>
    <ClInclude Include="ImGui\imgui_internal.h">
      <Filter>ImGui</Filter>
    </ClInclude>
    <ClInclude Include="ImGui\imstb_rectpack.h">
      <Filter>ImGui</Filter>
    </ClInclude>
    <ClInclude Include="ImGui\imstb_textedit.h">
      <Filter>ImGui</Filter>
    </ClInclude>
    <ClInclude Include="ImGui\imstb_truetype.h">
      <Filter>ImGui</Filter>
    </ClInclude>
    <ClInclude Include="ImGui\imgui_impl_dx11.h">
      <Filter>ImGui</Filter>
    </ClInclude>
    <ClInclude Include="ImGui\imgui_impl_win32.h">
      <Filter>ImGui</Filter>
    </ClInclude>
    <ClInclude Include="Containers.h">
      <Filter>Core</Filter>
    </ClInclude>
    <ClInclude Include="Types.h">
      <Filter>Core</Filter>
    </ClInclude>
    <ClInclude Include="FVector3.h">
      <Filter>Math</Filter>
    </ClInclude>
    <ClInclude Include="URenderer.h">
      <Filter>Rendering</Filter>
    </ClInclude>
    <ClInclude Include="FVertexSimple.h">
      <Filter>Rendering</Filter>
    </ClInclude>
    <ClInclude Include="ImGuiManager.h">
      <Filter>Editor</Filter>
    </ClInclude>
    <ClInclude Include="Window.h">
      <Filter>Platform</Filter>
    </ClInclude>
    <ClInclude Include="FMemory.h">
      <Filter>Core\Memory</Filter>
    </ClInclude>
    <ClInclude Include="MathUtils.h">
      <Filter>Math</Filter>
    </ClInclude>
    <ClInclude Include="FRay.h" />
    <ClInclude Include="FVector2.h">
      <Filter>Math</Filter>
    </ClInclude>
    <ClInclude Include="FVector4.h">
      <Filter>Math</Filter>
    </ClInclude>
    <ClInclude Include="FMatrix.h">
      <Filter>Math</Filter>
    </ClInclude>
    <ClInclude Include="FIntPoint.h">
      <Filter>Math</Filter>
    </ClInclude>
    <ClInclude Include="Core\USceneComponent.h">
      <Filter>Scene</Filter>
    </ClInclude>
    <ClInclude Include="USceneManager.h">
      <Filter>Scene</Filter>
    </ClInclude>
    <ClInclude Include="UCamera.h">
      <Filter>Scene</Filter>
    </ClInclude>
    <ClInclude Include="FEditor.h">
      <Filter>Editor</Filter>
    </ClInclude>
    <ClInclude Include="FConsoleWindow.h">
      <Filter>Platform</Filter>
    </ClInclude>
    <ClInclude Include="InputManager.h">
      <Filter>Input</Filter>
    </ClInclude>
    <ClInclude Include="FConstants.h">
      <Filter>Core</Filter>
    </ClInclude>
    <ClInclude Include="Vertices.h">
      <Filter>Rendering</Filter>
    </ClInclude>
    <ClInclude Include="MeshManager.h">
      <Filter>Rendering</Filter>
    </ClInclude>
    <ClInclude Include="Core\UEngineStatics.h">
      <Filter>Engine</Filter>
    </ClInclude>
    <ClInclude Include="FGizmo.h">
      <Filter>Editor</Filter>
    </ClInclude>
    <ClInclude Include="Core\FObjectFactory.h" />
    <ClInclude Include="Core\TSubclassOf.h" />
    <ClInclude Include="Core\UClass.h" />
    <ClInclude Include="Core\UObject.h" />
    <ClInclude Include="FMousePicker.h">
      <Filter>Editor</Filter>
    </ClInclude>
  </ItemGroup>
</Project>